
Microsoft Visual Studio Solution File, Format Version 12.00
# Visual Studio 15
VisualStudioVersion = 15.0.28307.168
MinimumVisualStudioVersion = 10.0.40219.1
Project("{FAE04EC0-301F-11D3-BF4B-00C04F79EFBC}") = "Practica7Tema2", "Practica7Tema2\Practica7Tema2.csproj", "{81C58761-BBB9-4C88-A502-870DC52EFFA8}"
EndProject
Project("{FAE04EC0-301F-11D3-BF4B-00C04F79EFBC}") = "MVC_CRUD", "MVC_CRUD\MVC_CRUD.csproj", "{A127A8A5-5357-4080-AADC-B360E5C81724}"
EndProject
Global
	GlobalSection(SolutionConfigurationPlatforms) = preSolution
		Debug|Any CPU = Debug|Any CPU
		Release|Any CPU = Release|Any CPU
	EndGlobalSection
	GlobalSection(ProjectConfigurationPlatforms) = postSolution
		{81C58761-BBB9-4C88-A502-870DC52EFFA8}.Debug|Any CPU.ActiveCfg = Debug|Any CPU
		{81C58761-BBB9-4C88-A502-870DC52EFFA8}.Debug|Any CPU.Build.0 = Debug|Any CPU
		{81C58761-BBB9-4C88-A502-870DC52EFFA8}.Release|Any CPU.ActiveCfg = Release|Any CPU
		{81C58761-BBB9-4C88-A502-870DC52EFFA8}.Release|Any CPU.Build.0 = Release|Any CPU
		{A127A8A5-5357-4080-AADC-B360E5C81724}.Debug|Any CPU.ActiveCfg = Debug|Any CPU
		{A127A8A5-5357-4080-AADC-B360E5C81724}.Debug|Any CPU.Build.0 = Debug|Any CPU
		{A127A8A5-5357-4080-AADC-B360E5C81724}.Release|Any CPU.ActiveCfg = Release|Any CPU
		{A127A8A5-5357-4080-AADC-B360E5C81724}.Release|Any CPU.Build.0 = Release|Any CPU
	EndGlobalSection
	GlobalSection(SolutionProperties) = preSolution
		HideSolutionNode = FALSE
	EndGlobalSection
	GlobalSection(ExtensibilityGlobals) = postSolution
		SolutionGuid = {7ED041F6-4824-4E95-B973-80A4E02C9E91}
	EndGlobalSection
EndGlobal
